<?xml version="1.0" encoding="utf-8"?>
<Project ToolsVersion="4.0" xmlns="http://schemas.microsoft.com/developer/msbuild/2003">
  <ItemGroup>
    <Filter Include="Source Files">
      <UniqueIdentifier>{4FC737F1-C7A5-4376-A066-2A32D752A2FF}</UniqueIdentifier>
      <Extensions>cpp;c;cc;cxx;def;odl;idl;hpj;bat;asm;asmx</Extensions>
    </Filter>
    <Filter Include="Resource Files">
      <UniqueIdentifier>{67DA6AB6-F800-4c08-8B7A-83BB121AAD01}</UniqueIdentifier>
      <Extensions>qrc;rc;ico;cur;bmp;dlg;rc2;rct;bin;rgs;gif;jpg;jpeg;jpe;resx;tiff;tif;png;wav;mfcribbon-ms</Extensions>
    </Filter>
    <Filter Include="Views">
      <UniqueIdentifier>{3491770e-a284-4c9a-88cf-49be11dca790}</UniqueIdentifier>
    </Filter>
    <Filter Include="Views\LoginView">
      <UniqueIdentifier>{3d3a2204-aa20-42b0-ae7e-2470ab4dfae5}</UniqueIdentifier>
    </Filter>
    <Filter Include="Views\WidgetsStack">
      <UniqueIdentifier>{6b04c1e0-9949-45aa-9861-f04a8ae712cb}</UniqueIdentifier>
    </Filter>
    <Filter Include="Views\RegisterView">
      <UniqueIdentifier>{8ce183d0-f4a2-401b-a2af-9b38c8a29be2}</UniqueIdentifier>
    </Filter>
    <Filter Include="Views\UserProfileView">
      <UniqueIdentifier>{aaef0923-2bac-49f0-8916-a04aefe499fa}</UniqueIdentifier>
    </Filter>
    <Filter Include="Views\AdminDashboardView">
      <UniqueIdentifier>{f12149ef-c4b6-441b-a753-80a34745580c}</UniqueIdentifier>
    </Filter>
    <Filter Include="Views\StatisticsView">
      <UniqueIdentifier>{a27fb091-850c-4690-8fef-c98ab56b6f81}</UniqueIdentifier>
    </Filter>
    <Filter Include="Views\AdminPrivilageView">
      <UniqueIdentifier>{0ae514ec-e910-4e9d-b1a7-a95b4699dbfe}</UniqueIdentifier>
    </Filter>
    <Filter Include="Controllers">
      <UniqueIdentifier>{69bdc629-a497-456c-8369-697d236b1303}</UniqueIdentifier>
    </Filter>
    <Filter Include="Models">
      <UniqueIdentifier>{697e3ae0-79ef-47ec-8f55-a639eee80421}</UniqueIdentifier>
    </Filter>
    <Filter Include="Models\User">
      <UniqueIdentifier>{2aa34fc1-e8a4-4544-9d54-7314132bebfb}</UniqueIdentifier>
    </Filter>
    <Filter Include="Models\Admin">
      <UniqueIdentifier>{4ebaa279-2190-44d6-b269-f2150be2c36a}</UniqueIdentifier>
    </Filter>
    <Filter Include="Controllers\UserController">
      <UniqueIdentifier>{f9c0c23c-4555-4a8c-9962-b9ee457b9568}</UniqueIdentifier>
    </Filter>
    <Filter Include="Controllers\AdminController">
      <UniqueIdentifier>{b2d78e01-e0b8-422e-b39c-c7657315b82d}</UniqueIdentifier>
    </Filter>
    <Filter Include="Core">
      <UniqueIdentifier>{efda4bf5-f2d4-4298-996f-0261d119e9e3}</UniqueIdentifier>
    </Filter>
    <Filter Include="Core\FileHandler">
      <UniqueIdentifier>{e34a75cb-291e-4685-bc61-16882416a51d}</UniqueIdentifier>
    </Filter>
  </ItemGroup>
  <ItemGroup>
    <ClCompile Include="main.cpp">
      <Filter>Source Files</Filter>
    </ClCompile>
    <ClCompile Include="Views\LoginView\LoginView.cpp">
      <Filter>Views\LoginView</Filter>
    </ClCompile>
    <ClCompile Include="Views\WidgetsStack\WidgetsStack.cpp">
      <Filter>Views\WidgetsStack</Filter>
    </ClCompile>
    <ClCompile Include="Views\RegisterView\RegisterView.cpp">
      <Filter>Views\RegisterView</Filter>
    </ClCompile>
    <ClCompile Include="Views\UserProfileView\UserProfileView.cpp">
      <Filter>Views\UserProfileView</Filter>
    </ClCompile>
    <ClCompile Include="Views\AdminDashboardView\AdminDashboardView.cpp">
      <Filter>Views\AdminDashboardView</Filter>
    </ClCompile>
    <ClCompile Include="Views\StatisticsView\StatisticsView.cpp">
      <Filter>Views\StatisticsView</Filter>
    </ClCompile>
    <ClCompile Include="Views\AdminPrivilageView\AdminPrivilageView.cpp">
      <Filter>Views\AdminPrivilageView</Filter>
    </ClCompile>
    <ClCompile Include="Models\Admin\Admin.cpp">
      <Filter>Models\Admin</Filter>
    </ClCompile>
    <ClCompile Include="Models\User\User.cpp">
      <Filter>Models\User</Filter>
    </ClCompile>
    <ClCompile Include="Controllers\AdminController\AdminController.cpp">
      <Filter>Controllers\AdminController</Filter>
    </ClCompile>
    <ClCompile Include="Controllers\UserController\UserController.cpp">
      <Filter>Controllers\UserController</Filter>
    </ClCompile>
    <ClCompile Include="Core\FileHandler\FileHandler.cpp">
      <Filter>Core\FileHandler</Filter>
    </ClCompile>
  </ItemGroup>
  <ItemGroup>
    <QtUic Include="Views\LoginView\LoginView.ui">
      <Filter>Views\LoginView</Filter>
    </QtUic>
    <QtUic Include="Views\WidgetsStack\WidgetsStack.ui">
      <Filter>Views\WidgetsStack</Filter>
    </QtUic>
    <QtUic Include="Views\RegisterView\RegisterView.ui">
      <Filter>Views\RegisterView</Filter>
    </QtUic>
    <QtUic Include="Views\UserProfileView\UserProfileView.ui">
      <Filter>Views\UserProfileView</Filter>
    </QtUic>
    <QtUic Include="Views\AdminDashboardView\AdminDashboardView.ui">
      <Filter>Views\AdminDashboardView</Filter>
    </QtUic>
    <QtUic Include="Views\StatisticsView\StatisticsView.ui">
      <Filter>Views\StatisticsView</Filter>
    </QtUic>
    <QtUic Include="Views\AdminPrivilageView\AdminPrivilageView.ui">
      <Filter>Views\AdminPrivilageView</Filter>
    </QtUic>
  </ItemGroup>
  <ItemGroup>
    <QtMoc Include="Views\WidgetsStack\WidgetsStack.h">
      <Filter>Views\WidgetsStack</Filter>
    </QtMoc>
    <QtMoc Include="Views\LoginView\LoginView.h">
      <Filter>Views\LoginView</Filter>
    </QtMoc>
    <QtMoc Include="Views\RegisterView\RegisterView.h">
      <Filter>Views\RegisterView</Filter>
    </QtMoc>
    <QtMoc Include="Views\UserProfileView\UserProfileView.h">
      <Filter>Views\UserProfileView</Filter>
    </QtMoc>
    <QtMoc Include="Views\AdminDashboardView\AdminDashboardView.h">
      <Filter>Views\AdminDashboardView</Filter>
    </QtMoc>
    <QtMoc Include="Views\AdminPrivilageView\AdminPrivilageView.h">
      <Filter>Views\AdminPrivilageView</Filter>
    </QtMoc>
    <QtMoc Include="Views\StatisticsView\StatisticsView.h">
      <Filter>Views\StatisticsView</Filter>
    </QtMoc>
  </ItemGroup>
  <ItemGroup>
    <ClInclude Include="Models\Admin\Admin.h">
      <Filter>Models\Admin</Filter>
    </ClInclude>
    <ClInclude Include="Models\User\User.h">
      <Filter>Models\User</Filter>
    </ClInclude>
    <ClInclude Include="Controllers\AdminController\AdminController.h">
      <Filter>Controllers\AdminController</Filter>
    </ClInclude>
    <ClInclude Include="Controllers\UserController\UserController.h">
      <Filter>Controllers\UserController</Filter>
    </ClInclude>
    <ClInclude Include="Config.h">
      <Filter>Source Files</Filter>
    </ClInclude>
    <ClInclude Include="Core\FileHandler\FileHandler.h">
      <Filter>Core\FileHandler</Filter>
    </ClInclude>
  </ItemGroup>
  <ItemGroup>
    <QtRcc Include="WidgetsStack.qrc">
      <Filter>Resource Files</Filter>
    </QtRcc>
  </ItemGroup>
</Project>